
Microsoft Visual Studio Solution File, Format Version 12.00
# Visual Studio Version 16
VisualStudioVersion = 16.0.29424.173
MinimumVisualStudioVersion = 10.0.40219.1
Project("{FAE04EC0-301F-11D3-BF4B-00C04F79EFBC}") = "screenshot", "screenshot\screenshot.csproj", "{D1DD43C7-BBEA-481B-8D77-010AAECF60AF}"
EndProject
Global
	GlobalSection(SolutionConfigurationPlatforms) = preSolution
		Debug|Any CPU = Debug|Any CPU
		Release|Any CPU = Release|Any CPU
	EndGlobalSection
	GlobalSection(ProjectConfigurationPlatforms) = postSolution
		{D1DD43C7-BBEA-481B-8D77-010AAECF60AF}.Debug|Any CPU.ActiveCfg = Debug|Any CPU
		{D1DD43C7-BBEA-481B-8D77-010AAECF60AF}.Debug|Any CPU.Build.0 = Debug|Any CPU
		{D1DD43C7-BBEA-481B-8D77-010AAECF60AF}.Release|Any CPU.ActiveCfg = Release|Any CPU
		{D1DD43C7-BBEA-481B-8D77-010AAECF60AF}.Release|Any CPU.Build.0 = Release|Any CPU
	EndGlobalSection
	GlobalSection(SolutionProperties) = preSolution
		HideSolutionNode = FALSE
	EndGlobalSection
	GlobalSection(ExtensibilityGlobals) = postSolution
		SolutionGuid = {3DAF54D3-DEC7-4F22-83C3-293F1DDB4797}
	EndGlobalSection
EndGlobal
